
Microsoft Visual Studio Solution File, Format Version 12.00
# Visual Studio 15
VisualStudioVersion = 15.0.28307.168
MinimumVisualStudioVersion = 10.0.40219.1
Project("{FAE04EC0-301F-11D3-BF4B-00C04F79EFBC}") = "7th KYU", "7th KYU\7th KYU.csproj", "{3399CC1A-DDFC-43C9-8C63-CC9159FCE09E}"
EndProject
Project("{FAE04EC0-301F-11D3-BF4B-00C04F79EFBC}") = "IncrementingLetters", "IncrementingLetters\IncrementingLetters.csproj", "{283E4766-BD22-4119-815E-1853CAB9ECF8}"
EndProject
Project("{FAE04EC0-301F-11D3-BF4B-00C04F79EFBC}") = "StringEndsWith", "StringEndsWith\StringEndsWith.csproj", "{11722F71-B9EB-4D4A-B536-A8BF7DCA0DEF}"
EndProject
Project("{FAE04EC0-301F-11D3-BF4B-00C04F79EFBC}") = "ChangingVowels", "ChangingVowels\ChangingVowels.csproj", "{0A0A54C4-A9EE-41D1-B98A-A3A01E3B7112}"
EndProject
Project("{FAE04EC0-301F-11D3-BF4B-00C04F79EFBC}") = "ReverseWords", "ReverseWords\ReverseWords.csproj", "{98B7DE61-9937-46A8-9E69-0839AAB86F08}"
EndProject
Project("{FAE04EC0-301F-11D3-BF4B-00C04F79EFBC}") = "Reversing Words in a String", "Reversing Words in a String\Reversing Words in a String.csproj", "{44BD1067-AF0C-424B-A2F1-28B4CFDC3C2E}"
EndProject
Project("{FAE04EC0-301F-11D3-BF4B-00C04F79EFBC}") = "DateTime Exercise", "DateTime Exercise\DateTime Exercise.csproj", "{A9FF1AF1-1B82-4A57-9EEA-E324EF4D94DE}"
EndProject
Project("{FAE04EC0-301F-11D3-BF4B-00C04F79EFBC}") = "Tuples_OrderedCount", "Tuples_OrderedCount\Tuples_OrderedCount.csproj", "{6322DC34-EE7A-4088-8378-FA7344208276}"
EndProject
Project("{FAE04EC0-301F-11D3-BF4B-00C04F79EFBC}") = "PowerOfTwo", "PowerOfTwo\PowerOfTwo.csproj", "{38F9B4DF-462E-4373-9CCD-46D8A7757DB8}"
EndProject
Project("{FAE04EC0-301F-11D3-BF4B-00C04F79EFBC}") = "Two Strings To One", "Two Strings To One\Two Strings To One.csproj", "{37FCE237-90E0-4930-910C-B53C6B0B66E0}"
EndProject
Project("{FAE04EC0-301F-11D3-BF4B-00C04F79EFBC}") = "ArrayFilter", "ArrayFilter\ArrayFilter.csproj", "{635BDA60-E760-4E2E-9595-1AB278A9DE24}"
EndProject
Project("{FAE04EC0-301F-11D3-BF4B-00C04F79EFBC}") = "Sum of multiples of 3 and 5", "Sum of multiples of 3 and 5\Sum of multiples of 3 and 5.csproj", "{8728A349-BB03-4F37-98A8-CDC041049BAA}"
EndProject
Project("{FAE04EC0-301F-11D3-BF4B-00C04F79EFBC}") = "RemoveVowels", "RemoveVowels\RemoveVowels.csproj", "{232A1EF6-B3EF-47BA-B375-3E8D68623FBF}"
EndProject
Project("{FAE04EC0-301F-11D3-BF4B-00C04F79EFBC}") = "Find numbers which are divisible by given number", "Find numbers which are divisible by given number\Find numbers which are divisible by given number.csproj", "{31998D8C-64F6-4468-96D3-656BE795AFE8}"
EndProject
Project("{FAE04EC0-301F-11D3-BF4B-00C04F79EFBC}") = "CheckForPrimeNumbers", "CheckForPrimeNumbers\CheckForPrimeNumbers.csproj", "{657B9491-7A58-4698-87BF-9945A7241144}"
EndProject
Project("{FAE04EC0-301F-11D3-BF4B-00C04F79EFBC}") = "Remove_Spaces_From_String", "Remove_Spaces_From_String\Remove_Spaces_From_String.csproj", "{DB26A6AE-EC48-40BE-9BD4-10BBB6712627}"
EndProject
Project("{FAE04EC0-301F-11D3-BF4B-00C04F79EFBC}") = "Sum_of_Angles", "Sum_of_Angles\Sum_of_Angles.csproj", "{5080698E-2EDF-4554-A38B-BD3101B3C658}"
EndProject
Project("{FAE04EC0-301F-11D3-BF4B-00C04F79EFBC}") = "Rotate_Matrix_To_Left", "Rotate_Matrix_To_Left\Rotate_Matrix_To_Left.csproj", "{99E53688-4DDE-455A-81E9-109B49855318}"
EndProject
Project("{FAE04EC0-301F-11D3-BF4B-00C04F79EFBC}") = "Data_Reverse", "Data_Reverse\Data_Reverse.csproj", "{BD119D50-0EAE-4B4B-8B4B-8E0FDA4ACB4F}"
EndProject
Project("{FAE04EC0-301F-11D3-BF4B-00C04F79EFBC}") = "Sum consecutives", "Sum consecutives\Sum consecutives.csproj", "{C22A860F-2DE4-48D7-A727-D46B88B10624}"
EndProject
Project("{FAE04EC0-301F-11D3-BF4B-00C04F79EFBC}") = "Convert string to camel case", "Convert string to camel case\Convert string to camel case.csproj", "{B6CB7C43-2A58-45F8-B400-A2317946F14B}"
EndProject
Project("{FAE04EC0-301F-11D3-BF4B-00C04F79EFBC}") = "Split string into substrings", "Split string into substrings\Split string into substrings.csproj", "{A9E2999B-4BC3-4E43-8A35-7DDB5A0EFE99}"
EndProject
Project("{FAE04EC0-301F-11D3-BF4B-00C04F79EFBC}") = "Generate Square", "Generate Square\Generate Square.csproj", "{0332F352-273D-4D12-AC71-5E26932DCFA0}"
EndProject
Global
	GlobalSection(SolutionConfigurationPlatforms) = preSolution
		Debug|Any CPU = Debug|Any CPU
		Release|Any CPU = Release|Any CPU
	EndGlobalSection
	GlobalSection(ProjectConfigurationPlatforms) = postSolution
		{3399CC1A-DDFC-43C9-8C63-CC9159FCE09E}.Debug|Any CPU.ActiveCfg = Debug|Any CPU
		{3399CC1A-DDFC-43C9-8C63-CC9159FCE09E}.Debug|Any CPU.Build.0 = Debug|Any CPU
		{3399CC1A-DDFC-43C9-8C63-CC9159FCE09E}.Release|Any CPU.ActiveCfg = Release|Any CPU
		{3399CC1A-DDFC-43C9-8C63-CC9159FCE09E}.Release|Any CPU.Build.0 = Release|Any CPU
		{283E4766-BD22-4119-815E-1853CAB9ECF8}.Debug|Any CPU.ActiveCfg = Debug|Any CPU
		{283E4766-BD22-4119-815E-1853CAB9ECF8}.Debug|Any CPU.Build.0 = Debug|Any CPU
		{283E4766-BD22-4119-815E-1853CAB9ECF8}.Release|Any CPU.ActiveCfg = Release|Any CPU
		{283E4766-BD22-4119-815E-1853CAB9ECF8}.Release|Any CPU.Build.0 = Release|Any CPU
		{11722F71-B9EB-4D4A-B536-A8BF7DCA0DEF}.Debug|Any CPU.ActiveCfg = Debug|Any CPU
		{11722F71-B9EB-4D4A-B536-A8BF7DCA0DEF}.Debug|Any CPU.Build.0 = Debug|Any CPU
		{11722F71-B9EB-4D4A-B536-A8BF7DCA0DEF}.Release|Any CPU.ActiveCfg = Release|Any CPU
		{11722F71-B9EB-4D4A-B536-A8BF7DCA0DEF}.Release|Any CPU.Build.0 = Release|Any CPU
		{0A0A54C4-A9EE-41D1-B98A-A3A01E3B7112}.Debug|Any CPU.ActiveCfg = Debug|Any CPU
		{0A0A54C4-A9EE-41D1-B98A-A3A01E3B7112}.Debug|Any CPU.Build.0 = Debug|Any CPU
		{0A0A54C4-A9EE-41D1-B98A-A3A01E3B7112}.Release|Any CPU.ActiveCfg = Release|Any CPU
		{0A0A54C4-A9EE-41D1-B98A-A3A01E3B7112}.Release|Any CPU.Build.0 = Release|Any CPU
		{98B7DE61-9937-46A8-9E69-0839AAB86F08}.Debug|Any CPU.ActiveCfg = Debug|Any CPU
		{98B7DE61-9937-46A8-9E69-0839AAB86F08}.Debug|Any CPU.Build.0 = Debug|Any CPU
		{98B7DE61-9937-46A8-9E69-0839AAB86F08}.Release|Any CPU.ActiveCfg = Release|Any CPU
		{98B7DE61-9937-46A8-9E69-0839AAB86F08}.Release|Any CPU.Build.0 = Release|Any CPU
		{44BD1067-AF0C-424B-A2F1-28B4CFDC3C2E}.Debug|Any CPU.ActiveCfg = Debug|Any CPU
		{44BD1067-AF0C-424B-A2F1-28B4CFDC3C2E}.Debug|Any CPU.Build.0 = Debug|Any CPU
		{44BD1067-AF0C-424B-A2F1-28B4CFDC3C2E}.Release|Any CPU.ActiveCfg = Release|Any CPU
		{44BD1067-AF0C-424B-A2F1-28B4CFDC3C2E}.Release|Any CPU.Build.0 = Release|Any CPU
		{A9FF1AF1-1B82-4A57-9EEA-E324EF4D94DE}.Debug|Any CPU.ActiveCfg = Debug|Any CPU
		{A9FF1AF1-1B82-4A57-9EEA-E324EF4D94DE}.Debug|Any CPU.Build.0 = Debug|Any CPU
		{A9FF1AF1-1B82-4A57-9EEA-E324EF4D94DE}.Release|Any CPU.ActiveCfg = Release|Any CPU
		{A9FF1AF1-1B82-4A57-9EEA-E324EF4D94DE}.Release|Any CPU.Build.0 = Release|Any CPU
		{6322DC34-EE7A-4088-8378-FA7344208276}.Debug|Any CPU.ActiveCfg = Debug|Any CPU
		{6322DC34-EE7A-4088-8378-FA7344208276}.Debug|Any CPU.Build.0 = Debug|Any CPU
		{6322DC34-EE7A-4088-8378-FA7344208276}.Release|Any CPU.ActiveCfg = Release|Any CPU
		{6322DC34-EE7A-4088-8378-FA7344208276}.Release|Any CPU.Build.0 = Release|Any CPU
		{38F9B4DF-462E-4373-9CCD-46D8A7757DB8}.Debug|Any CPU.ActiveCfg = Debug|Any CPU
		{38F9B4DF-462E-4373-9CCD-46D8A7757DB8}.Debug|Any CPU.Build.0 = Debug|Any CPU
		{38F9B4DF-462E-4373-9CCD-46D8A7757DB8}.Release|Any CPU.ActiveCfg = Release|Any CPU
		{38F9B4DF-462E-4373-9CCD-46D8A7757DB8}.Release|Any CPU.Build.0 = Release|Any CPU
		{37FCE237-90E0-4930-910C-B53C6B0B66E0}.Debug|Any CPU.ActiveCfg = Debug|Any CPU
		{37FCE237-90E0-4930-910C-B53C6B0B66E0}.Debug|Any CPU.Build.0 = Debug|Any CPU
		{37FCE237-90E0-4930-910C-B53C6B0B66E0}.Release|Any CPU.ActiveCfg = Release|Any CPU
		{37FCE237-90E0-4930-910C-B53C6B0B66E0}.Release|Any CPU.Build.0 = Release|Any CPU
		{635BDA60-E760-4E2E-9595-1AB278A9DE24}.Debug|Any CPU.ActiveCfg = Debug|Any CPU
		{635BDA60-E760-4E2E-9595-1AB278A9DE24}.Debug|Any CPU.Build.0 = Debug|Any CPU
		{635BDA60-E760-4E2E-9595-1AB278A9DE24}.Release|Any CPU.ActiveCfg = Release|Any CPU
		{635BDA60-E760-4E2E-9595-1AB278A9DE24}.Release|Any CPU.Build.0 = Release|Any CPU
		{8728A349-BB03-4F37-98A8-CDC041049BAA}.Debug|Any CPU.ActiveCfg = Debug|Any CPU
		{8728A349-BB03-4F37-98A8-CDC041049BAA}.Debug|Any CPU.Build.0 = Debug|Any CPU
		{8728A349-BB03-4F37-98A8-CDC041049BAA}.Release|Any CPU.ActiveCfg = Release|Any CPU
		{8728A349-BB03-4F37-98A8-CDC041049BAA}.Release|Any CPU.Build.0 = Release|Any CPU
		{232A1EF6-B3EF-47BA-B375-3E8D68623FBF}.Debug|Any CPU.ActiveCfg = Debug|Any CPU
		{232A1EF6-B3EF-47BA-B375-3E8D68623FBF}.Debug|Any CPU.Build.0 = Debug|Any CPU
		{232A1EF6-B3EF-47BA-B375-3E8D68623FBF}.Release|Any CPU.ActiveCfg = Release|Any CPU
		{232A1EF6-B3EF-47BA-B375-3E8D68623FBF}.Release|Any CPU.Build.0 = Release|Any CPU
		{31998D8C-64F6-4468-96D3-656BE795AFE8}.Debug|Any CPU.ActiveCfg = Debug|Any CPU
		{31998D8C-64F6-4468-96D3-656BE795AFE8}.Debug|Any CPU.Build.0 = Debug|Any CPU
		{31998D8C-64F6-4468-96D3-656BE795AFE8}.Release|Any CPU.ActiveCfg = Release|Any CPU
		{31998D8C-64F6-4468-96D3-656BE795AFE8}.Release|Any CPU.Build.0 = Release|Any CPU
		{657B9491-7A58-4698-87BF-9945A7241144}.Debug|Any CPU.ActiveCfg = Debug|Any CPU
		{657B9491-7A58-4698-87BF-9945A7241144}.Debug|Any CPU.Build.0 = Debug|Any CPU
		{657B9491-7A58-4698-87BF-9945A7241144}.Release|Any CPU.ActiveCfg = Release|Any CPU
		{657B9491-7A58-4698-87BF-9945A7241144}.Release|Any CPU.Build.0 = Release|Any CPU
		{DB26A6AE-EC48-40BE-9BD4-10BBB6712627}.Debug|Any CPU.ActiveCfg = Debug|Any CPU
		{DB26A6AE-EC48-40BE-9BD4-10BBB6712627}.Debug|Any CPU.Build.0 = Debug|Any CPU
		{DB26A6AE-EC48-40BE-9BD4-10BBB6712627}.Release|Any CPU.ActiveCfg = Release|Any CPU
		{DB26A6AE-EC48-40BE-9BD4-10BBB6712627}.Release|Any CPU.Build.0 = Release|Any CPU
		{5080698E-2EDF-4554-A38B-BD3101B3C658}.Debug|Any CPU.ActiveCfg = Debug|Any CPU
		{5080698E-2EDF-4554-A38B-BD3101B3C658}.Debug|Any CPU.Build.0 = Debug|Any CPU
		{5080698E-2EDF-4554-A38B-BD3101B3C658}.Release|Any CPU.ActiveCfg = Release|Any CPU
		{5080698E-2EDF-4554-A38B-BD3101B3C658}.Release|Any CPU.Build.0 = Release|Any CPU
		{99E53688-4DDE-455A-81E9-109B49855318}.Debug|Any CPU.ActiveCfg = Debug|Any CPU
		{99E53688-4DDE-455A-81E9-109B49855318}.Debug|Any CPU.Build.0 = Debug|Any CPU
		{99E53688-4DDE-455A-81E9-109B49855318}.Release|Any CPU.ActiveCfg = Release|Any CPU
		{99E53688-4DDE-455A-81E9-109B49855318}.Release|Any CPU.Build.0 = Release|Any CPU
		{BD119D50-0EAE-4B4B-8B4B-8E0FDA4ACB4F}.Debug|Any CPU.ActiveCfg = Debug|Any CPU
		{BD119D50-0EAE-4B4B-8B4B-8E0FDA4ACB4F}.Debug|Any CPU.Build.0 = Debug|Any CPU
		{BD119D50-0EAE-4B4B-8B4B-8E0FDA4ACB4F}.Release|Any CPU.ActiveCfg = Release|Any CPU
		{BD119D50-0EAE-4B4B-8B4B-8E0FDA4ACB4F}.Release|Any CPU.Build.0 = Release|Any CPU
		{C22A860F-2DE4-48D7-A727-D46B88B10624}.Debug|Any CPU.ActiveCfg = Debug|Any CPU
		{C22A860F-2DE4-48D7-A727-D46B88B10624}.Debug|Any CPU.Build.0 = Debug|Any CPU
		{C22A860F-2DE4-48D7-A727-D46B88B10624}.Release|Any CPU.ActiveCfg = Release|Any CPU
		{C22A860F-2DE4-48D7-A727-D46B88B10624}.Release|Any CPU.Build.0 = Release|Any CPU
		{B6CB7C43-2A58-45F8-B400-A2317946F14B}.Debug|Any CPU.ActiveCfg = Debug|Any CPU
		{B6CB7C43-2A58-45F8-B400-A2317946F14B}.Debug|Any CPU.Build.0 = Debug|Any CPU
		{B6CB7C43-2A58-45F8-B400-A2317946F14B}.Release|Any CPU.ActiveCfg = Release|Any CPU
		{B6CB7C43-2A58-45F8-B400-A2317946F14B}.Release|Any CPU.Build.0 = Release|Any CPU
		{A9E2999B-4BC3-4E43-8A35-7DDB5A0EFE99}.Debug|Any CPU.ActiveCfg = Debug|Any CPU
		{A9E2999B-4BC3-4E43-8A35-7DDB5A0EFE99}.Debug|Any CPU.Build.0 = Debug|Any CPU
		{A9E2999B-4BC3-4E43-8A35-7DDB5A0EFE99}.Release|Any CPU.ActiveCfg = Release|Any CPU
		{A9E2999B-4BC3-4E43-8A35-7DDB5A0EFE99}.Release|Any CPU.Build.0 = Release|Any CPU
		{0332F352-273D-4D12-AC71-5E26932DCFA0}.Debug|Any CPU.ActiveCfg = Debug|Any CPU
		{0332F352-273D-4D12-AC71-5E26932DCFA0}.Debug|Any CPU.Build.0 = Debug|Any CPU
		{0332F352-273D-4D12-AC71-5E26932DCFA0}.Release|Any CPU.ActiveCfg = Release|Any CPU
		{0332F352-273D-4D12-AC71-5E26932DCFA0}.Release|Any CPU.Build.0 = Release|Any CPU
	EndGlobalSection
	GlobalSection(SolutionProperties) = preSolution
		HideSolutionNode = FALSE
	EndGlobalSection
	GlobalSection(ExtensibilityGlobals) = postSolution
		SolutionGuid = {618C856E-4C80-4E49-BDB6-42C8FA4DE50C}
	EndGlobalSection
EndGlobal
